
Microsoft Visual Studio Solution File, Format Version 12.00
# Visual Studio Version 17
VisualStudioVersion = 17.2.32516.85
MinimumVisualStudioVersion = 10.0.40219.1
Project("{FAE04EC0-301F-11D3-BF4B-00C04F79EFBC}") = "shopík", "shopík\shopík.csproj", "{230CE826-F86E-4A8F-BDDE-A7BFCA45D671}"
EndProject
Global
	GlobalSection(SolutionConfigurationPlatforms) = preSolution
		Debug|Any CPU = Debug|Any CPU
		Release|Any CPU = Release|Any CPU
	EndGlobalSection
	GlobalSection(ProjectConfigurationPlatforms) = postSolution
		{230CE826-F86E-4A8F-BDDE-A7BFCA45D671}.Debug|Any CPU.ActiveCfg = Debug|Any CPU
		{230CE826-F86E-4A8F-BDDE-A7BFCA45D671}.Debug|Any CPU.Build.0 = Debug|Any CPU
		{230CE826-F86E-4A8F-BDDE-A7BFCA45D671}.Release|Any CPU.ActiveCfg = Release|Any CPU
		{230CE826-F86E-4A8F-BDDE-A7BFCA45D671}.Release|Any CPU.Build.0 = Release|Any CPU
	EndGlobalSection
	GlobalSection(SolutionProperties) = preSolution
		HideSolutionNode = FALSE
	EndGlobalSection
	GlobalSection(ExtensibilityGlobals) = postSolution
		SolutionGuid = {BACE149E-2C68-449C-9ED9-D24F97E661D6}
	EndGlobalSection
EndGlobal
